# This file is autogenerated, do not edit; changes may be undone by the next 'dep ensure'.


[[projects]]
  branch = "master"
  digest = "1:182c975f81e52f08bddca2e91ed74454a52fddb4a971cb81ddcb5f3c24e98b1e"
  name = "github.com/bwmarrin/discordgo"
  packages = ["."]
  pruneopts = "UT"
  revision = "73f6772a2b7cc95e29c462e4f15bf07cbe0d3854"

[[projects]]
  branch = "master"
  digest = "1:bc36a17a513f15717b5fa3dcfd666f5ddb6fd3db06f5f2834ac2f5979d4f5070"
  name = "github.com/gorilla/websocket"
  packages = ["."]
  pruneopts = "UT"
  revision = "5ed622c449da6d44c3c8329331ff47a9e5844f71"

[[projects]]
  digest = "1:f0de4e6eed698cd7e14a8ef6d953846d22cebc4692a8bcd986ff93f9e3eb7023"
  name = "github.com/line/line-bot-sdk-go"
  packages = ["linebot"]
  pruneopts = "UT"
  revision = "94192b969c4a46d86c3a41a4bc1a896a2057ae27"
  version = "1.3.0"

[[projects]]
  digest = "1:659ba9cdd7d5b818ff2454caa926f65ad1fedcc7e2f40cfbe374386417e840fe"
  name = "golang.org/x/crypto"
  packages = [
    "internal/subtle",
    "nacl/secretbox",
    "poly1305",
    "salsa20/salsa",
  ]
  pruneopts = "UT"
  revision = "a2144134853fc9a27a7b1e3eb4f19f1a76df13c9"

[solve-meta]
  analyzer-name = "dep"
  analyzer-version = 1
  input-imports = [
    "github.com/bwmarrin/discordgo",
    "github.com/line/line-bot-sdk-go/linebot",
  ]
  solver-name = "gps-cdcl"
  solver-version = 1
